
Microsoft Visual Studio Solution File, Format Version 12.00
# Visual Studio Version 17
VisualStudioVersion = 17.1.31911.260
MinimumVisualStudioVersion = 10.0.40219.1
Project("{FAE04EC0-301F-11D3-BF4B-00C04F79EFBC}") = "dnd-companion-app", "dnd-companion-app.csproj", "{DEC11FB3-D726-4DD9-BBF2-C0919E96F149}"
EndProject
Global
	GlobalSection(SolutionConfigurationPlatforms) = preSolution
		Debug|Any CPU = Debug|Any CPU
		Release|Any CPU = Release|Any CPU
	EndGlobalSection
	GlobalSection(ProjectConfigurationPlatforms) = postSolution
		{DEC11FB3-D726-4DD9-BBF2-C0919E96F149}.Debug|Any CPU.ActiveCfg = Debug|Any CPU
		{DEC11FB3-D726-4DD9-BBF2-C0919E96F149}.Debug|Any CPU.Build.0 = Debug|Any CPU
		{DEC11FB3-D726-4DD9-BBF2-C0919E96F149}.Release|Any CPU.ActiveCfg = Release|Any CPU
		{DEC11FB3-D726-4DD9-BBF2-C0919E96F149}.Release|Any CPU.Build.0 = Release|Any CPU
	EndGlobalSection
	GlobalSection(SolutionProperties) = preSolution
		HideSolutionNode = FALSE
	EndGlobalSection
	GlobalSection(ExtensibilityGlobals) = postSolution
		SolutionGuid = {90E27EFE-2D55-474C-A8C0-E73117746D2B}
	EndGlobalSection
EndGlobal
